// !$*UTF8*$!
{
	archiveVersion = 1;
	classes = {
	};
	objectVersion = 46;
	objects = {

/* Begin PBXBuildFile section */
		1B21B7601AE1DAD9004931C6 /* DealConstants.swift in Sources */ = {isa = PBXBuildFile; fileRef = 1B21B75F1AE1DAD9004931C6 /* DealConstants.swift */; };
		1B2230541AE213A20082CF32 /* LoginViewController.swift in Sources */ = {isa = PBXBuildFile; fileRef = 1B2230531AE213A20082CF32 /* LoginViewController.swift */; };
		1B2230691AE233D50082CF32 /* AWSAutoScaling.framework in Frameworks */ = {isa = PBXBuildFile; fileRef = 1B2230571AE233D50082CF32 /* AWSAutoScaling.framework */; };
		1B22306A1AE233D50082CF32 /* AWSCloudWatch.framework in Frameworks */ = {isa = PBXBuildFile; fileRef = 1B2230581AE233D50082CF32 /* AWSCloudWatch.framework */; };
		1B22306B1AE233D50082CF32 /* AWSCognito.framework in Frameworks */ = {isa = PBXBuildFile; fileRef = 1B2230591AE233D50082CF32 /* AWSCognito.framework */; };
		1B22306C1AE233D50082CF32 /* AWSCore.framework in Frameworks */ = {isa = PBXBuildFile; fileRef = 1B22305A1AE233D50082CF32 /* AWSCore.framework */; };
		1B22306D1AE233D50082CF32 /* AWSDynamoDB.framework in Frameworks */ = {isa = PBXBuildFile; fileRef = 1B22305B1AE233D50082CF32 /* AWSDynamoDB.framework */; };
		1B22306E1AE233D50082CF32 /* AWSEC2.framework in Frameworks */ = {isa = PBXBuildFile; fileRef = 1B22305C1AE233D50082CF32 /* AWSEC2.framework */; };
		1B22306F1AE233D50082CF32 /* AWSElasticLoadBalancing.framework in Frameworks */ = {isa = PBXBuildFile; fileRef = 1B22305D1AE233D50082CF32 /* AWSElasticLoadBalancing.framework */; };
		1B2230701AE233D50082CF32 /* AWSKinesis.framework in Frameworks */ = {isa = PBXBuildFile; fileRef = 1B22305E1AE233D50082CF32 /* AWSKinesis.framework */; };
		1B2230711AE233D50082CF32 /* AWSLambda.framework in Frameworks */ = {isa = PBXBuildFile; fileRef = 1B22305F1AE233D50082CF32 /* AWSLambda.framework */; };
		1B2230721AE233D50082CF32 /* AWSMachineLearning.framework in Frameworks */ = {isa = PBXBuildFile; fileRef = 1B2230601AE233D50082CF32 /* AWSMachineLearning.framework */; };
		1B2230731AE233D50082CF32 /* AWSS3.framework in Frameworks */ = {isa = PBXBuildFile; fileRef = 1B2230611AE233D50082CF32 /* AWSS3.framework */; };
		1B2230741AE233D60082CF32 /* AWSSES.framework in Frameworks */ = {isa = PBXBuildFile; fileRef = 1B2230621AE233D50082CF32 /* AWSSES.framework */; };
		1B2230751AE233D60082CF32 /* AWSSimpleDB.framework in Frameworks */ = {isa = PBXBuildFile; fileRef = 1B2230631AE233D50082CF32 /* AWSSimpleDB.framework */; };
		1B2230761AE233D60082CF32 /* AWSSNS.framework in Frameworks */ = {isa = PBXBuildFile; fileRef = 1B2230641AE233D50082CF32 /* AWSSNS.framework */; };
		1B2230771AE233D60082CF32 /* AWSSQS.framework in Frameworks */ = {isa = PBXBuildFile; fileRef = 1B2230651AE233D50082CF32 /* AWSSQS.framework */; };
		1B2230781AE233D60082CF32 /* Bolts.framework in Frameworks */ = {isa = PBXBuildFile; fileRef = 1B2230661AE233D50082CF32 /* Bolts.framework */; };
		1B2230791AE233D60082CF32 /* FBAudienceNetwork.framework in Frameworks */ = {isa = PBXBuildFile; fileRef = 1B2230671AE233D50082CF32 /* FBAudienceNetwork.framework */; };
		1B22307A1AE233D60082CF32 /* FBSDKCoreKit.framework in Frameworks */ = {isa = PBXBuildFile; fileRef = 1B2230681AE233D50082CF32 /* FBSDKCoreKit.framework */; };
		1B2230841AE233F00082CF32 /* FBSDKLoginKit.framework in Frameworks */ = {isa = PBXBuildFile; fileRef = 1B22307B1AE233EF0082CF32 /* FBSDKLoginKit.framework */; };
		1B2230851AE233F00082CF32 /* FBSDKShareKit.framework in Frameworks */ = {isa = PBXBuildFile; fileRef = 1B22307C1AE233EF0082CF32 /* FBSDKShareKit.framework */; };
		1B2230861AE233F00082CF32 /* FMDB.framework in Frameworks */ = {isa = PBXBuildFile; fileRef = 1B22307D1AE233EF0082CF32 /* FMDB.framework */; };
		1B2230871AE233F00082CF32 /* GZIP.framework in Frameworks */ = {isa = PBXBuildFile; fileRef = 1B22307E1AE233EF0082CF32 /* GZIP.framework */; };
		1B2230881AE233F00082CF32 /* Mantle.framework in Frameworks */ = {isa = PBXBuildFile; fileRef = 1B22307F1AE233EF0082CF32 /* Mantle.framework */; };
		1B2230891AE233F00082CF32 /* Reachability.framework in Frameworks */ = {isa = PBXBuildFile; fileRef = 1B2230801AE233EF0082CF32 /* Reachability.framework */; };
		1B22308A1AE233F00082CF32 /* TMCache.framework in Frameworks */ = {isa = PBXBuildFile; fileRef = 1B2230811AE233F00082CF32 /* TMCache.framework */; };
		1B22308B1AE233F00082CF32 /* UICKeyChainStore.framework in Frameworks */ = {isa = PBXBuildFile; fileRef = 1B2230821AE233F00082CF32 /* UICKeyChainStore.framework */; };
		1B22308C1AE233F00082CF32 /* XMLDictionary.framework in Frameworks */ = {isa = PBXBuildFile; fileRef = 1B2230831AE233F00082CF32 /* XMLDictionary.framework */; };
		1B22309E1AE234260082CF32 /* autoscaling-2011-01-01.json in Resources */ = {isa = PBXBuildFile; fileRef = 1B22308D1AE234260082CF32 /* autoscaling-2011-01-01.json */; };
		1B22309F1AE234260082CF32 /* cognito-identity-2014-06-30.json in Resources */ = {isa = PBXBuildFile; fileRef = 1B22308E1AE234260082CF32 /* cognito-identity-2014-06-30.json */; };
		1B2230A01AE234260082CF32 /* cognito-sync-2014-06-30.json in Resources */ = {isa = PBXBuildFile; fileRef = 1B22308F1AE234260082CF32 /* cognito-sync-2014-06-30.json */; };
		1B2230A11AE234260082CF32 /* dynamodb-2012-08-10.json in Resources */ = {isa = PBXBuildFile; fileRef = 1B2230901AE234260082CF32 /* dynamodb-2012-08-10.json */; };
		1B2230A21AE234260082CF32 /* ec2-2014-09-01.json in Resources */ = {isa = PBXBuildFile; fileRef = 1B2230911AE234260082CF32 /* ec2-2014-09-01.json */; };
		1B2230A31AE234260082CF32 /* elasticloadbalancing-2012-06-01.json in Resources */ = {isa = PBXBuildFile; fileRef = 1B2230921AE234260082CF32 /* elasticloadbalancing-2012-06-01.json */; };
		1B2230A41AE234260082CF32 /* email-2010-12-01.json in Resources */ = {isa = PBXBuildFile; fileRef = 1B2230931AE234260082CF32 /* email-2010-12-01.json */; };
		1B2230A51AE234260082CF32 /* kinesis-2013-12-02.json in Resources */ = {isa = PBXBuildFile; fileRef = 1B2230941AE234260082CF32 /* kinesis-2013-12-02.json */; };
		1B2230A61AE234260082CF32 /* lambda-2015-03-31.json in Resources */ = {isa = PBXBuildFile; fileRef = 1B2230951AE234260082CF32 /* lambda-2015-03-31.json */; };
		1B2230A71AE234260082CF32 /* machinelearning-2014-12-12.json in Resources */ = {isa = PBXBuildFile; fileRef = 1B2230961AE234260082CF32 /* machinelearning-2014-12-12.json */; };
		1B2230A81AE234260082CF32 /* mobileanalytics-2014-06-30.json in Resources */ = {isa = PBXBuildFile; fileRef = 1B2230971AE234260082CF32 /* mobileanalytics-2014-06-30.json */; };
		1B2230A91AE234260082CF32 /* monitoring-2010-08-01.json in Resources */ = {isa = PBXBuildFile; fileRef = 1B2230981AE234260082CF32 /* monitoring-2010-08-01.json */; };
		1B2230AA1AE234260082CF32 /* s3-2006-03-01.json in Resources */ = {isa = PBXBuildFile; fileRef = 1B2230991AE234260082CF32 /* s3-2006-03-01.json */; };
		1B2230AB1AE234260082CF32 /* sdb-2009-04-15.json in Resources */ = {isa = PBXBuildFile; fileRef = 1B22309A1AE234260082CF32 /* sdb-2009-04-15.json */; };
		1B2230AC1AE234260082CF32 /* sns-2010-03-31.json in Resources */ = {isa = PBXBuildFile; fileRef = 1B22309B1AE234260082CF32 /* sns-2010-03-31.json */; };
		1B2230AD1AE234260082CF32 /* sqs-2012-11-05.json in Resources */ = {isa = PBXBuildFile; fileRef = 1B22309C1AE234260082CF32 /* sqs-2012-11-05.json */; };
		1B2230AE1AE234260082CF32 /* sts-2011-06-15.json in Resources */ = {isa = PBXBuildFile; fileRef = 1B22309D1AE234260082CF32 /* sts-2011-06-15.json */; };
		1B5788DB1AD1BE6000A6D0BA /* DealCreateViewController.swift in Sources */ = {isa = PBXBuildFile; fileRef = 1B5788DA1AD1BE6000A6D0BA /* DealCreateViewController.swift */; };
		1B865A0F1AE038480054208C /* ProfileViewController.swift in Sources */ = {isa = PBXBuildFile; fileRef = 1B865A0E1AE038480054208C /* ProfileViewController.swift */; };
		1B865A411AE18FA30054208C /* DealData.xcdatamodeld in Resources */ = {isa = PBXBuildFile; fileRef = 1BBF40A21ADFBBC500B2082B /* DealData.xcdatamodeld */; };
		1BBF409B1ADDA01700B2082B /* DealDetailViewController.swift in Sources */ = {isa = PBXBuildFile; fileRef = 1BBF409A1ADDA01700B2082B /* DealDetailViewController.swift */; };
		1BBF409D1ADDBBC400B2082B /* DealCustomTableCell.swift in Sources */ = {isa = PBXBuildFile; fileRef = 1BBF409C1ADDBBC400B2082B /* DealCustomTableCell.swift */; };
		1BBF409F1ADDBF1800B2082B /* icon-profile-default.png in Resources */ = {isa = PBXBuildFile; fileRef = 1BBF409E1ADDBF1800B2082B /* icon-profile-default.png */; };
		1BBF40A41ADFBBC500B2082B /* DealData.xcdatamodeld in Sources */ = {isa = PBXBuildFile; fileRef = 1BBF40A21ADFBBC500B2082B /* DealData.xcdatamodeld */; };
		1BDBF2D51ABEAB5200A0C45D /* AppDelegate.swift in Sources */ = {isa = PBXBuildFile; fileRef = 1BDBF2D41ABEAB5200A0C45D /* AppDelegate.swift */; };
		1BDBF2DC1ABEAB5200A0C45D /* Main.storyboard in Resources */ = {isa = PBXBuildFile; fileRef = 1BDBF2DA1ABEAB5200A0C45D /* Main.storyboard */; };
		1BDBF2DE1ABEAB5200A0C45D /* Images.xcassets in Resources */ = {isa = PBXBuildFile; fileRef = 1BDBF2DD1ABEAB5200A0C45D /* Images.xcassets */; };
		1BDBF2E11ABEAB5200A0C45D /* LaunchScreen.xib in Resources */ = {isa = PBXBuildFile; fileRef = 1BDBF2DF1ABEAB5200A0C45D /* LaunchScreen.xib */; };
		1BDBF2ED1ABEAB5200A0C45D /* DealTests.swift in Sources */ = {isa = PBXBuildFile; fileRef = 1BDBF2EC1ABEAB5200A0C45D /* DealTests.swift */; };
		1BE7C09F1ADC79AE00E029F3 /* MainViewController.swift in Sources */ = {isa = PBXBuildFile; fileRef = 1BE7C09E1ADC79AE00E029F3 /* MainViewController.swift */; };
		1BE7C0A11ADC953700E029F3 /* add_deal.png in Resources */ = {isa = PBXBuildFile; fileRef = 1BE7C0A01ADC953700E029F3 /* add_deal.png */; };
		1BE7C0A31ADCA20D00E029F3 /* Deal.swift in Sources */ = {isa = PBXBuildFile; fileRef = 1BE7C0A21ADCA20D00E029F3 /* Deal.swift */; };
		1BE7C0A51ADD902E00E029F3 /* DealDataManager.swift in Sources */ = {isa = PBXBuildFile; fileRef = 1BE7C0A41ADD902E00E029F3 /* DealDataManager.swift */; };
		95531BDE1AE35CB100A617D6 /* Deals_Text_Logo.png in Resources */ = {isa = PBXBuildFile; fileRef = 95531BDD1AE35CB100A617D6 /* Deals_Text_Logo.png */; };
		95531BE01AE35D1A00A617D6 /* Background_Blur.png in Resources */ = {isa = PBXBuildFile; fileRef = 95531BDF1AE35D1A00A617D6 /* Background_Blur.png */; };
		95531BE21AE35F7300A617D6 /* Create_Deal.png in Resources */ = {isa = PBXBuildFile; fileRef = 95531BE11AE35F7300A617D6 /* Create_Deal.png */; };
		95531BE41AE35FBA00A617D6 /* Three_Bar.png in Resources */ = {isa = PBXBuildFile; fileRef = 95531BE31AE35FBA00A617D6 /* Three_Bar.png */; };
		95A6E9961AE1B27300F23DA6 /* libsqlite3.dylib in Frameworks */ = {isa = PBXBuildFile; fileRef = 95A6E9951AE1B27300F23DA6 /* libsqlite3.dylib */; };
		95A6E9981AE1B27900F23DA6 /* libz.dylib in Frameworks */ = {isa = PBXBuildFile; fileRef = 95A6E9971AE1B27900F23DA6 /* libz.dylib */; };
		95A6E99A1AE1B28000F23DA6 /* SystemConfiguration.framework in Frameworks */ = {isa = PBXBuildFile; fileRef = 95A6E9991AE1B28000F23DA6 /* SystemConfiguration.framework */; };
		95A6EA001AE2284300F23DA6 /* User.swift in Sources */ = {isa = PBXBuildFile; fileRef = 95A6E9FF1AE2284300F23DA6 /* User.swift */; };
/* End PBXBuildFile section */

/* Begin PBXContainerItemProxy section */
		1BDBF2E71ABEAB5200A0C45D /* PBXContainerItemProxy */ = {
			isa = PBXContainerItemProxy;
			containerPortal = 1BDBF2C71ABEAB5100A0C45D /* Project object */;
			proxyType = 1;
			remoteGlobalIDString = 1BDBF2CE1ABEAB5100A0C45D;
			remoteInfo = Deal;
		};
/* End PBXContainerItemProxy section */

/* Begin PBXFileReference section */
		1B21B75F1AE1DAD9004931C6 /* DealConstants.swift */ = {isa = PBXFileReference; fileEncoding = 4; lastKnownFileType = sourcecode.swift; path = DealConstants.swift; sourceTree = "<group>"; };
		1B2230531AE213A20082CF32 /* LoginViewController.swift */ = {isa = PBXFileReference; fileEncoding = 4; lastKnownFileType = sourcecode.swift; path = LoginViewController.swift; sourceTree = "<group>"; };
		1B2230571AE233D50082CF32 /* AWSAutoScaling.framework */ = {isa = PBXFileReference; lastKnownFileType = wrapper.framework; name = AWSAutoScaling.framework; path = frameworks/AWSAutoScaling.framework; sourceTree = "<group>"; };
		1B2230581AE233D50082CF32 /* AWSCloudWatch.framework */ = {isa = PBXFileReference; lastKnownFileType = wrapper.framework; name = AWSCloudWatch.framework; path = frameworks/AWSCloudWatch.framework; sourceTree = "<group>"; };
		1B2230591AE233D50082CF32 /* AWSCognito.framework */ = {isa = PBXFileReference; lastKnownFileType = wrapper.framework; name = AWSCognito.framework; path = frameworks/AWSCognito.framework; sourceTree = "<group>"; };
		1B22305A1AE233D50082CF32 /* AWSCore.framework */ = {isa = PBXFileReference; lastKnownFileType = wrapper.framework; name = AWSCore.framework; path = frameworks/AWSCore.framework; sourceTree = "<group>"; };
		1B22305B1AE233D50082CF32 /* AWSDynamoDB.framework */ = {isa = PBXFileReference; lastKnownFileType = wrapper.framework; name = AWSDynamoDB.framework; path = frameworks/AWSDynamoDB.framework; sourceTree = "<group>"; };
		1B22305C1AE233D50082CF32 /* AWSEC2.framework */ = {isa = PBXFileReference; lastKnownFileType = wrapper.framework; name = AWSEC2.framework; path = frameworks/AWSEC2.framework; sourceTree = "<group>"; };
		1B22305D1AE233D50082CF32 /* AWSElasticLoadBalancing.framework */ = {isa = PBXFileReference; lastKnownFileType = wrapper.framework; name = AWSElasticLoadBalancing.framework; path = frameworks/AWSElasticLoadBalancing.framework; sourceTree = "<group>"; };
		1B22305E1AE233D50082CF32 /* AWSKinesis.framework */ = {isa = PBXFileReference; lastKnownFileType = wrapper.framework; name = AWSKinesis.framework; path = frameworks/AWSKinesis.framework; sourceTree = "<group>"; };
		1B22305F1AE233D50082CF32 /* AWSLambda.framework */ = {isa = PBXFileReference; lastKnownFileType = wrapper.framework; name = AWSLambda.framework; path = frameworks/AWSLambda.framework; sourceTree = "<group>"; };
		1B2230601AE233D50082CF32 /* AWSMachineLearning.framework */ = {isa = PBXFileReference; lastKnownFileType = wrapper.framework; name = AWSMachineLearning.framework; path = frameworks/AWSMachineLearning.framework; sourceTree = "<group>"; };
		1B2230611AE233D50082CF32 /* AWSS3.framework */ = {isa = PBXFileReference; lastKnownFileType = wrapper.framework; name = AWSS3.framework; path = frameworks/AWSS3.framework; sourceTree = "<group>"; };
		1B2230621AE233D50082CF32 /* AWSSES.framework */ = {isa = PBXFileReference; lastKnownFileType = wrapper.framework; name = AWSSES.framework; path = frameworks/AWSSES.framework; sourceTree = "<group>"; };
		1B2230631AE233D50082CF32 /* AWSSimpleDB.framework */ = {isa = PBXFileReference; lastKnownFileType = wrapper.framework; name = AWSSimpleDB.framework; path = frameworks/AWSSimpleDB.framework; sourceTree = "<group>"; };
		1B2230641AE233D50082CF32 /* AWSSNS.framework */ = {isa = PBXFileReference; lastKnownFileType = wrapper.framework; name = AWSSNS.framework; path = frameworks/AWSSNS.framework; sourceTree = "<group>"; };
		1B2230651AE233D50082CF32 /* AWSSQS.framework */ = {isa = PBXFileReference; lastKnownFileType = wrapper.framework; name = AWSSQS.framework; path = frameworks/AWSSQS.framework; sourceTree = "<group>"; };
		1B2230661AE233D50082CF32 /* Bolts.framework */ = {isa = PBXFileReference; lastKnownFileType = wrapper.framework; name = Bolts.framework; path = frameworks/Bolts.framework; sourceTree = "<group>"; };
		1B2230671AE233D50082CF32 /* FBAudienceNetwork.framework */ = {isa = PBXFileReference; lastKnownFileType = wrapper.framework; name = FBAudienceNetwork.framework; path = frameworks/FBAudienceNetwork.framework; sourceTree = "<group>"; };
		1B2230681AE233D50082CF32 /* FBSDKCoreKit.framework */ = {isa = PBXFileReference; lastKnownFileType = wrapper.framework; name = FBSDKCoreKit.framework; path = frameworks/FBSDKCoreKit.framework; sourceTree = "<group>"; };
		1B22307B1AE233EF0082CF32 /* FBSDKLoginKit.framework */ = {isa = PBXFileReference; lastKnownFileType = wrapper.framework; name = FBSDKLoginKit.framework; path = frameworks/FBSDKLoginKit.framework; sourceTree = "<group>"; };
		1B22307C1AE233EF0082CF32 /* FBSDKShareKit.framework */ = {isa = PBXFileReference; lastKnownFileType = wrapper.framework; name = FBSDKShareKit.framework; path = frameworks/FBSDKShareKit.framework; sourceTree = "<group>"; };
		1B22307D1AE233EF0082CF32 /* FMDB.framework */ = {isa = PBXFileReference; lastKnownFileType = wrapper.framework; name = FMDB.framework; path = frameworks/FMDB.framework; sourceTree = "<group>"; };
		1B22307E1AE233EF0082CF32 /* GZIP.framework */ = {isa = PBXFileReference; lastKnownFileType = wrapper.framework; name = GZIP.framework; path = frameworks/GZIP.framework; sourceTree = "<group>"; };
		1B22307F1AE233EF0082CF32 /* Mantle.framework */ = {isa = PBXFileReference; lastKnownFileType = wrapper.framework; name = Mantle.framework; path = frameworks/Mantle.framework; sourceTree = "<group>"; };
		1B2230801AE233EF0082CF32 /* Reachability.framework */ = {isa = PBXFileReference; lastKnownFileType = wrapper.framework; name = Reachability.framework; path = frameworks/Reachability.framework; sourceTree = "<group>"; };
		1B2230811AE233F00082CF32 /* TMCache.framework */ = {isa = PBXFileReference; lastKnownFileType = wrapper.framework; name = TMCache.framework; path = frameworks/TMCache.framework; sourceTree = "<group>"; };
		1B2230821AE233F00082CF32 /* UICKeyChainStore.framework */ = {isa = PBXFileReference; lastKnownFileType = wrapper.framework; name = UICKeyChainStore.framework; path = frameworks/UICKeyChainStore.framework; sourceTree = "<group>"; };
		1B2230831AE233F00082CF32 /* XMLDictionary.framework */ = {isa = PBXFileReference; lastKnownFileType = wrapper.framework; name = XMLDictionary.framework; path = frameworks/XMLDictionary.framework; sourceTree = "<group>"; };
		1B22308D1AE234260082CF32 /* autoscaling-2011-01-01.json */ = {isa = PBXFileReference; fileEncoding = 4; lastKnownFileType = text.json; name = "autoscaling-2011-01-01.json"; path = "frameworks/autoscaling-2011-01-01.json"; sourceTree = "<group>"; };
		1B22308E1AE234260082CF32 /* cognito-identity-2014-06-30.json */ = {isa = PBXFileReference; fileEncoding = 4; lastKnownFileType = text.json; name = "cognito-identity-2014-06-30.json"; path = "frameworks/cognito-identity-2014-06-30.json"; sourceTree = "<group>"; };
		1B22308F1AE234260082CF32 /* cognito-sync-2014-06-30.json */ = {isa = PBXFileReference; fileEncoding = 4; lastKnownFileType = text.json; name = "cognito-sync-2014-06-30.json"; path = "frameworks/cognito-sync-2014-06-30.json"; sourceTree = "<group>"; };
		1B2230901AE234260082CF32 /* dynamodb-2012-08-10.json */ = {isa = PBXFileReference; fileEncoding = 4; lastKnownFileType = text.json; name = "dynamodb-2012-08-10.json"; path = "frameworks/dynamodb-2012-08-10.json"; sourceTree = "<group>"; };
		1B2230911AE234260082CF32 /* ec2-2014-09-01.json */ = {isa = PBXFileReference; fileEncoding = 4; lastKnownFileType = text.json; name = "ec2-2014-09-01.json"; path = "frameworks/ec2-2014-09-01.json"; sourceTree = "<group>"; };
		1B2230921AE234260082CF32 /* elasticloadbalancing-2012-06-01.json */ = {isa = PBXFileReference; fileEncoding = 4; lastKnownFileType = text.json; name = "elasticloadbalancing-2012-06-01.json"; path = "frameworks/elasticloadbalancing-2012-06-01.json"; sourceTree = "<group>"; };
		1B2230931AE234260082CF32 /* email-2010-12-01.json */ = {isa = PBXFileReference; fileEncoding = 4; lastKnownFileType = text.json; name = "email-2010-12-01.json"; path = "frameworks/email-2010-12-01.json"; sourceTree = "<group>"; };
		1B2230941AE234260082CF32 /* kinesis-2013-12-02.json */ = {isa = PBXFileReference; fileEncoding = 4; lastKnownFileType = text.json; name = "kinesis-2013-12-02.json"; path = "frameworks/kinesis-2013-12-02.json"; sourceTree = "<group>"; };
		1B2230951AE234260082CF32 /* lambda-2015-03-31.json */ = {isa = PBXFileReference; fileEncoding = 4; lastKnownFileType = text.json; name = "lambda-2015-03-31.json"; path = "frameworks/lambda-2015-03-31.json"; sourceTree = "<group>"; };
		1B2230961AE234260082CF32 /* machinelearning-2014-12-12.json */ = {isa = PBXFileReference; fileEncoding = 4; lastKnownFileType = text.json; name = "machinelearning-2014-12-12.json"; path = "frameworks/machinelearning-2014-12-12.json"; sourceTree = "<group>"; };
		1B2230971AE234260082CF32 /* mobileanalytics-2014-06-30.json */ = {isa = PBXFileReference; fileEncoding = 4; lastKnownFileType = text.json; name = "mobileanalytics-2014-06-30.json"; path = "frameworks/mobileanalytics-2014-06-30.json"; sourceTree = "<group>"; };
		1B2230981AE234260082CF32 /* monitoring-2010-08-01.json */ = {isa = PBXFileReference; fileEncoding = 4; lastKnownFileType = text.json; name = "monitoring-2010-08-01.json"; path = "frameworks/monitoring-2010-08-01.json"; sourceTree = "<group>"; };
		1B2230991AE234260082CF32 /* s3-2006-03-01.json */ = {isa = PBXFileReference; fileEncoding = 4; lastKnownFileType = text.json; name = "s3-2006-03-01.json"; path = "frameworks/s3-2006-03-01.json"; sourceTree = "<group>"; };
		1B22309A1AE234260082CF32 /* sdb-2009-04-15.json */ = {isa = PBXFileReference; fileEncoding = 4; lastKnownFileType = text.json; name = "sdb-2009-04-15.json"; path = "frameworks/sdb-2009-04-15.json"; sourceTree = "<group>"; };
		1B22309B1AE234260082CF32 /* sns-2010-03-31.json */ = {isa = PBXFileReference; fileEncoding = 4; lastKnownFileType = text.json; name = "sns-2010-03-31.json"; path = "frameworks/sns-2010-03-31.json"; sourceTree = "<group>"; };
		1B22309C1AE234260082CF32 /* sqs-2012-11-05.json */ = {isa = PBXFileReference; fileEncoding = 4; lastKnownFileType = text.json; name = "sqs-2012-11-05.json"; path = "frameworks/sqs-2012-11-05.json"; sourceTree = "<group>"; };
		1B22309D1AE234260082CF32 /* sts-2011-06-15.json */ = {isa = PBXFileReference; fileEncoding = 4; lastKnownFileType = text.json; name = "sts-2011-06-15.json"; path = "frameworks/sts-2011-06-15.json"; sourceTree = "<group>"; };
		1B5788DA1AD1BE6000A6D0BA /* DealCreateViewController.swift */ = {isa = PBXFileReference; fileEncoding = 4; lastKnownFileType = sourcecode.swift; path = DealCreateViewController.swift; sourceTree = "<group>"; };
		1B865A0E1AE038480054208C /* ProfileViewController.swift */ = {isa = PBXFileReference; fileEncoding = 4; lastKnownFileType = sourcecode.swift; path = ProfileViewController.swift; sourceTree = "<group>"; };
		1BBF409A1ADDA01700B2082B /* DealDetailViewController.swift */ = {isa = PBXFileReference; fileEncoding = 4; lastKnownFileType = sourcecode.swift; path = DealDetailViewController.swift; sourceTree = SOURCE_ROOT; };
		1BBF409C1ADDBBC400B2082B /* DealCustomTableCell.swift */ = {isa = PBXFileReference; fileEncoding = 4; lastKnownFileType = sourcecode.swift; path = DealCustomTableCell.swift; sourceTree = "<group>"; };
		1BBF409E1ADDBF1800B2082B /* icon-profile-default.png */ = {isa = PBXFileReference; lastKnownFileType = image.png; path = "icon-profile-default.png"; sourceTree = "<group>"; };
		1BBF40A31ADFBBC500B2082B /* DealData.xcdatamodel */ = {isa = PBXFileReference; lastKnownFileType = wrapper.xcdatamodel; path = DealData.xcdatamodel; sourceTree = "<group>"; };
		1BDBF2CF1ABEAB5100A0C45D /* Deal.app */ = {isa = PBXFileReference; explicitFileType = wrapper.application; includeInIndex = 0; path = Deal.app; sourceTree = BUILT_PRODUCTS_DIR; };
		1BDBF2D31ABEAB5200A0C45D /* Info.plist */ = {isa = PBXFileReference; lastKnownFileType = text.plist.xml; path = Info.plist; sourceTree = "<group>"; };
		1BDBF2D41ABEAB5200A0C45D /* AppDelegate.swift */ = {isa = PBXFileReference; lastKnownFileType = sourcecode.swift; path = AppDelegate.swift; sourceTree = "<group>"; };
		1BDBF2DB1ABEAB5200A0C45D /* Base */ = {isa = PBXFileReference; lastKnownFileType = file.storyboard; name = Base; path = Base.lproj/Main.storyboard; sourceTree = "<group>"; };
		1BDBF2DD1ABEAB5200A0C45D /* Images.xcassets */ = {isa = PBXFileReference; lastKnownFileType = folder.assetcatalog; path = Images.xcassets; sourceTree = "<group>"; };
		1BDBF2E01ABEAB5200A0C45D /* Base */ = {isa = PBXFileReference; lastKnownFileType = file.xib; name = Base; path = Base.lproj/LaunchScreen.xib; sourceTree = "<group>"; };
		1BDBF2E61ABEAB5200A0C45D /* DealTests.xctest */ = {isa = PBXFileReference; explicitFileType = wrapper.cfbundle; includeInIndex = 0; path = DealTests.xctest; sourceTree = BUILT_PRODUCTS_DIR; };
		1BDBF2EB1ABEAB5200A0C45D /* Info.plist */ = {isa = PBXFileReference; lastKnownFileType = text.plist.xml; path = Info.plist; sourceTree = "<group>"; };
		1BDBF2EC1ABEAB5200A0C45D /* DealTests.swift */ = {isa = PBXFileReference; lastKnownFileType = sourcecode.swift; path = DealTests.swift; sourceTree = "<group>"; };
		1BE7C09E1ADC79AE00E029F3 /* MainViewController.swift */ = {isa = PBXFileReference; fileEncoding = 4; lastKnownFileType = sourcecode.swift; path = MainViewController.swift; sourceTree = "<group>"; };
		1BE7C0A01ADC953700E029F3 /* add_deal.png */ = {isa = PBXFileReference; lastKnownFileType = image.png; path = add_deal.png; sourceTree = "<group>"; };
		1BE7C0A21ADCA20D00E029F3 /* Deal.swift */ = {isa = PBXFileReference; fileEncoding = 4; lastKnownFileType = sourcecode.swift; path = Deal.swift; sourceTree = "<group>"; };
		1BE7C0A41ADD902E00E029F3 /* DealDataManager.swift */ = {isa = PBXFileReference; fileEncoding = 4; lastKnownFileType = sourcecode.swift; path = DealDataManager.swift; sourceTree = "<group>"; };
		95531BDD1AE35CB100A617D6 /* Deals_Text_Logo.png */ = {isa = PBXFileReference; lastKnownFileType = image.png; name = Deals_Text_Logo.png; path = ../../../../../../Downloads/Deals_Text_Logo.png; sourceTree = "<group>"; };
		95531BDF1AE35D1A00A617D6 /* Background_Blur.png */ = {isa = PBXFileReference; lastKnownFileType = image.png; name = Background_Blur.png; path = ../../../../../../Downloads/Background_Blur.png; sourceTree = "<group>"; };
		95531BE11AE35F7300A617D6 /* Create_Deal.png */ = {isa = PBXFileReference; lastKnownFileType = image.png; name = Create_Deal.png; path = ../../../../../../Downloads/Create_Deal.png; sourceTree = "<group>"; };
		95531BE31AE35FBA00A617D6 /* Three_Bar.png */ = {isa = PBXFileReference; lastKnownFileType = image.png; name = Three_Bar.png; path = ../../../../../../Downloads/Three_Bar.png; sourceTree = "<group>"; };
		95A6E9951AE1B27300F23DA6 /* libsqlite3.dylib */ = {isa = PBXFileReference; lastKnownFileType = "compiled.mach-o.dylib"; name = libsqlite3.dylib; path = usr/lib/libsqlite3.dylib; sourceTree = SDKROOT; };
		95A6E9971AE1B27900F23DA6 /* libz.dylib */ = {isa = PBXFileReference; lastKnownFileType = "compiled.mach-o.dylib"; name = libz.dylib; path = usr/lib/libz.dylib; sourceTree = SDKROOT; };
		95A6E9991AE1B28000F23DA6 /* SystemConfiguration.framework */ = {isa = PBXFileReference; lastKnownFileType = wrapper.framework; name = SystemConfiguration.framework; path = System/Library/Frameworks/SystemConfiguration.framework; sourceTree = SDKROOT; };
		95A6E99C1AE1B34F00F23DA6 /* AWSHeader.h */ = {isa = PBXFileReference; lastKnownFileType = sourcecode.c.h; path = AWSHeader.h; sourceTree = "<group>"; };
		95A6E9FF1AE2284300F23DA6 /* User.swift */ = {isa = PBXFileReference; fileEncoding = 4; lastKnownFileType = sourcecode.swift; path = User.swift; sourceTree = "<group>"; };
/* End PBXFileReference section */

/* Begin PBXFrameworksBuildPhase section */
		1BDBF2CC1ABEAB5100A0C45D /* Frameworks */ = {
			isa = PBXFrameworksBuildPhase;
			buildActionMask = 2147483647;
			files = (
				1B2230841AE233F00082CF32 /* FBSDKLoginKit.framework in Frameworks */,
				1B2230851AE233F00082CF32 /* FBSDKShareKit.framework in Frameworks */,
				1B2230861AE233F00082CF32 /* FMDB.framework in Frameworks */,
				1B2230871AE233F00082CF32 /* GZIP.framework in Frameworks */,
				1B2230881AE233F00082CF32 /* Mantle.framework in Frameworks */,
				1B2230891AE233F00082CF32 /* Reachability.framework in Frameworks */,
				1B22308A1AE233F00082CF32 /* TMCache.framework in Frameworks */,
				1B22308B1AE233F00082CF32 /* UICKeyChainStore.framework in Frameworks */,
				1B22308C1AE233F00082CF32 /* XMLDictionary.framework in Frameworks */,
				1B2230691AE233D50082CF32 /* AWSAutoScaling.framework in Frameworks */,
				1B22306A1AE233D50082CF32 /* AWSCloudWatch.framework in Frameworks */,
				1B22306B1AE233D50082CF32 /* AWSCognito.framework in Frameworks */,
				1B22306C1AE233D50082CF32 /* AWSCore.framework in Frameworks */,
				1B22306D1AE233D50082CF32 /* AWSDynamoDB.framework in Frameworks */,
				1B22306E1AE233D50082CF32 /* AWSEC2.framework in Frameworks */,
				1B22306F1AE233D50082CF32 /* AWSElasticLoadBalancing.framework in Frameworks */,
				1B2230701AE233D50082CF32 /* AWSKinesis.framework in Frameworks */,
				1B2230711AE233D50082CF32 /* AWSLambda.framework in Frameworks */,
				1B2230721AE233D50082CF32 /* AWSMachineLearning.framework in Frameworks */,
				1B2230731AE233D50082CF32 /* AWSS3.framework in Frameworks */,
				1B2230741AE233D60082CF32 /* AWSSES.framework in Frameworks */,
				1B2230751AE233D60082CF32 /* AWSSimpleDB.framework in Frameworks */,
				1B2230761AE233D60082CF32 /* AWSSNS.framework in Frameworks */,
				1B2230771AE233D60082CF32 /* AWSSQS.framework in Frameworks */,
				1B2230781AE233D60082CF32 /* Bolts.framework in Frameworks */,
				1B2230791AE233D60082CF32 /* FBAudienceNetwork.framework in Frameworks */,
				1B22307A1AE233D60082CF32 /* FBSDKCoreKit.framework in Frameworks */,
				95A6E99A1AE1B28000F23DA6 /* SystemConfiguration.framework in Frameworks */,
				95A6E9981AE1B27900F23DA6 /* libz.dylib in Frameworks */,
				95A6E9961AE1B27300F23DA6 /* libsqlite3.dylib in Frameworks */,
			);
			runOnlyForDeploymentPostprocessing = 0;
		};
		1BDBF2E31ABEAB5200A0C45D /* Frameworks */ = {
			isa = PBXFrameworksBuildPhase;
			buildActionMask = 2147483647;
			files = (
			);
			runOnlyForDeploymentPostprocessing = 0;
		};
/* End PBXFrameworksBuildPhase section */

/* Begin PBXGroup section */
		1BDBF2C61ABEAB5100A0C45D = {
			isa = PBXGroup;
			children = (
				1B22308D1AE234260082CF32 /* autoscaling-2011-01-01.json */,
				1B22308E1AE234260082CF32 /* cognito-identity-2014-06-30.json */,
				1B22308F1AE234260082CF32 /* cognito-sync-2014-06-30.json */,
				1B2230901AE234260082CF32 /* dynamodb-2012-08-10.json */,
				1B2230911AE234260082CF32 /* ec2-2014-09-01.json */,
				1B2230921AE234260082CF32 /* elasticloadbalancing-2012-06-01.json */,
				1B2230931AE234260082CF32 /* email-2010-12-01.json */,
				1B2230941AE234260082CF32 /* kinesis-2013-12-02.json */,
				1B2230951AE234260082CF32 /* lambda-2015-03-31.json */,
				1B2230961AE234260082CF32 /* machinelearning-2014-12-12.json */,
				1B2230971AE234260082CF32 /* mobileanalytics-2014-06-30.json */,
				1B2230981AE234260082CF32 /* monitoring-2010-08-01.json */,
				1B2230991AE234260082CF32 /* s3-2006-03-01.json */,
				1B22309A1AE234260082CF32 /* sdb-2009-04-15.json */,
				1B22309B1AE234260082CF32 /* sns-2010-03-31.json */,
				1B22309C1AE234260082CF32 /* sqs-2012-11-05.json */,
				1B22309D1AE234260082CF32 /* sts-2011-06-15.json */,
				1B22307B1AE233EF0082CF32 /* FBSDKLoginKit.framework */,
				1B22307C1AE233EF0082CF32 /* FBSDKShareKit.framework */,
				1B22307D1AE233EF0082CF32 /* FMDB.framework */,
				1B22307E1AE233EF0082CF32 /* GZIP.framework */,
				1B22307F1AE233EF0082CF32 /* Mantle.framework */,
				1B2230801AE233EF0082CF32 /* Reachability.framework */,
				1B2230811AE233F00082CF32 /* TMCache.framework */,
				1B2230821AE233F00082CF32 /* UICKeyChainStore.framework */,
				1B2230831AE233F00082CF32 /* XMLDictionary.framework */,
				1B2230571AE233D50082CF32 /* AWSAutoScaling.framework */,
				1B2230581AE233D50082CF32 /* AWSCloudWatch.framework */,
				1B2230591AE233D50082CF32 /* AWSCognito.framework */,
				1B22305A1AE233D50082CF32 /* AWSCore.framework */,
				1B22305B1AE233D50082CF32 /* AWSDynamoDB.framework */,
				1B22305C1AE233D50082CF32 /* AWSEC2.framework */,
				1B22305D1AE233D50082CF32 /* AWSElasticLoadBalancing.framework */,
				1B22305E1AE233D50082CF32 /* AWSKinesis.framework */,
				1B22305F1AE233D50082CF32 /* AWSLambda.framework */,
				1B2230601AE233D50082CF32 /* AWSMachineLearning.framework */,
				1B2230611AE233D50082CF32 /* AWSS3.framework */,
				1B2230621AE233D50082CF32 /* AWSSES.framework */,
				1B2230631AE233D50082CF32 /* AWSSimpleDB.framework */,
				1B2230641AE233D50082CF32 /* AWSSNS.framework */,
				1B2230651AE233D50082CF32 /* AWSSQS.framework */,
				1B2230661AE233D50082CF32 /* Bolts.framework */,
				1B2230671AE233D50082CF32 /* FBAudienceNetwork.framework */,
				1B2230681AE233D50082CF32 /* FBSDKCoreKit.framework */,
				95A6E9991AE1B28000F23DA6 /* SystemConfiguration.framework */,
				95A6E9971AE1B27900F23DA6 /* libz.dylib */,
				95A6E9951AE1B27300F23DA6 /* libsqlite3.dylib */,
				1BDBF2D11ABEAB5100A0C45D /* Deal */,
				1BDBF2E91ABEAB5200A0C45D /* DealTests */,
				1BDBF2D01ABEAB5100A0C45D /* Products */,
			);
			sourceTree = "<group>";
		};
		1BDBF2D01ABEAB5100A0C45D /* Products */ = {
			isa = PBXGroup;
			children = (
				1BDBF2CF1ABEAB5100A0C45D /* Deal.app */,
				1BDBF2E61ABEAB5200A0C45D /* DealTests.xctest */,
			);
			name = Products;
			sourceTree = "<group>";
		};
		1BDBF2D11ABEAB5100A0C45D /* Deal */ = {
			isa = PBXGroup;
			children = (
				1BBF409A1ADDA01700B2082B /* DealDetailViewController.swift */,
				1BDBF2D41ABEAB5200A0C45D /* AppDelegate.swift */,
				1B5788DA1AD1BE6000A6D0BA /* DealCreateViewController.swift */,
				1BE7C09E1ADC79AE00E029F3 /* MainViewController.swift */,
				1BE7C0A21ADCA20D00E029F3 /* Deal.swift */,
				1BE7C0A41ADD902E00E029F3 /* DealDataManager.swift */,
				1BBF409C1ADDBBC400B2082B /* DealCustomTableCell.swift */,
				1B865A0E1AE038480054208C /* ProfileViewController.swift */,
				95A6E99C1AE1B34F00F23DA6 /* AWSHeader.h */,
				1B21B75F1AE1DAD9004931C6 /* DealConstants.swift */,
				1B2230531AE213A20082CF32 /* LoginViewController.swift */,
				1BDBF2DF1ABEAB5200A0C45D /* LaunchScreen.xib */,
				1BDBF2DA1ABEAB5200A0C45D /* Main.storyboard */,
				1BBF40A21ADFBBC500B2082B /* DealData.xcdatamodeld */,
				1BDBF2DD1ABEAB5200A0C45D /* Images.xcassets */,
				1BDBF2D21ABEAB5200A0C45D /* Supporting Files */,
				95A6E9FF1AE2284300F23DA6 /* User.swift */,
			);
			path = Deal;
			sourceTree = "<group>";
		};
		1BDBF2D21ABEAB5200A0C45D /* Supporting Files */ = {
			isa = PBXGroup;
			children = (
				95531BE31AE35FBA00A617D6 /* Three_Bar.png */,
				95531BE11AE35F7300A617D6 /* Create_Deal.png */,
				95531BDF1AE35D1A00A617D6 /* Background_Blur.png */,
				95531BDD1AE35CB100A617D6 /* Deals_Text_Logo.png */,
				1BBF409E1ADDBF1800B2082B /* icon-profile-default.png */,
				1BE7C0A01ADC953700E029F3 /* add_deal.png */,
				1BDBF2D31ABEAB5200A0C45D /* Info.plist */,
			);
			name = "Supporting Files";
			sourceTree = "<group>";
		};
		1BDBF2E91ABEAB5200A0C45D /* DealTests */ = {
			isa = PBXGroup;
			children = (
				1BDBF2EC1ABEAB5200A0C45D /* DealTests.swift */,
				1BDBF2EA1ABEAB5200A0C45D /* Supporting Files */,
			);
			path = DealTests;
			sourceTree = "<group>";
		};
		1BDBF2EA1ABEAB5200A0C45D /* Supporting Files */ = {
			isa = PBXGroup;
			children = (
				1BDBF2EB1ABEAB5200A0C45D /* Info.plist */,
			);
			name = "Supporting Files";
			sourceTree = "<group>";
		};
/* End PBXGroup section */

/* Begin PBXNativeTarget section */
		1BDBF2CE1ABEAB5100A0C45D /* Deal */ = {
			isa = PBXNativeTarget;
			buildConfigurationList = 1BDBF2F01ABEAB5200A0C45D /* Build configuration list for PBXNativeTarget "Deal" */;
			buildPhases = (
				1BDBF2CB1ABEAB5100A0C45D /* Sources */,
				1BDBF2CC1ABEAB5100A0C45D /* Frameworks */,
				1BDBF2CD1ABEAB5100A0C45D /* Resources */,
			);
			buildRules = (
			);
			dependencies = (
			);
			name = Deal;
			productName = Deal;
			productReference = 1BDBF2CF1ABEAB5100A0C45D /* Deal.app */;
			productType = "com.apple.product-type.application";
		};
		1BDBF2E51ABEAB5200A0C45D /* DealTests */ = {
			isa = PBXNativeTarget;
			buildConfigurationList = 1BDBF2F31ABEAB5200A0C45D /* Build configuration list for PBXNativeTarget "DealTests" */;
			buildPhases = (
				1BDBF2E21ABEAB5200A0C45D /* Sources */,
				1BDBF2E31ABEAB5200A0C45D /* Frameworks */,
				1BDBF2E41ABEAB5200A0C45D /* Resources */,
			);
			buildRules = (
			);
			dependencies = (
				1BDBF2E81ABEAB5200A0C45D /* PBXTargetDependency */,
			);
			name = DealTests;
			productName = DealTests;
			productReference = 1BDBF2E61ABEAB5200A0C45D /* DealTests.xctest */;
			productType = "com.apple.product-type.bundle.unit-test";
		};
/* End PBXNativeTarget section */

/* Begin PBXProject section */
		1BDBF2C71ABEAB5100A0C45D /* Project object */ = {
			isa = PBXProject;
			attributes = {
				LastUpgradeCheck = 0620;
				ORGANIZATIONNAME = "Do Kwon";
				TargetAttributes = {
					1BDBF2CE1ABEAB5100A0C45D = {
						CreatedOnToolsVersion = 6.2;
					};
					1BDBF2E51ABEAB5200A0C45D = {
						CreatedOnToolsVersion = 6.2;
						TestTargetID = 1BDBF2CE1ABEAB5100A0C45D;
					};
				};
			};
			buildConfigurationList = 1BDBF2CA1ABEAB5100A0C45D /* Build configuration list for PBXProject "Deal" */;
			compatibilityVersion = "Xcode 3.2";
			developmentRegion = English;
			hasScannedForEncodings = 0;
			knownRegions = (
				en,
				Base,
			);
			mainGroup = 1BDBF2C61ABEAB5100A0C45D;
			productRefGroup = 1BDBF2D01ABEAB5100A0C45D /* Products */;
			projectDirPath = "";
			projectRoot = "";
			targets = (
				1BDBF2CE1ABEAB5100A0C45D /* Deal */,
				1BDBF2E51ABEAB5200A0C45D /* DealTests */,
			);
		};
/* End PBXProject section */

/* Begin PBXResourcesBuildPhase section */
		1BDBF2CD1ABEAB5100A0C45D /* Resources */ = {
			isa = PBXResourcesBuildPhase;
			buildActionMask = 2147483647;
			files = (
				95531BE01AE35D1A00A617D6 /* Background_Blur.png in Resources */,
				1B2230A71AE234260082CF32 /* machinelearning-2014-12-12.json in Resources */,
				1B2230A01AE234260082CF32 /* cognito-sync-2014-06-30.json in Resources */,
				1B2230AE1AE234260082CF32 /* sts-2011-06-15.json in Resources */,
				1B2230A11AE234260082CF32 /* dynamodb-2012-08-10.json in Resources */,
				1B2230AC1AE234260082CF32 /* sns-2010-03-31.json in Resources */,
				1B2230A41AE234260082CF32 /* email-2010-12-01.json in Resources */,
				1B2230AB1AE234260082CF32 /* sdb-2009-04-15.json in Resources */,
				1B865A411AE18FA30054208C /* DealData.xcdatamodeld in Resources */,
				1B2230AD1AE234260082CF32 /* sqs-2012-11-05.json in Resources */,
				1B2230A61AE234260082CF32 /* lambda-2015-03-31.json in Resources */,
				1B22309E1AE234260082CF32 /* autoscaling-2011-01-01.json in Resources */,
				1B2230A51AE234260082CF32 /* kinesis-2013-12-02.json in Resources */,
				1B22309F1AE234260082CF32 /* cognito-identity-2014-06-30.json in Resources */,
				1B2230A91AE234260082CF32 /* monitoring-2010-08-01.json in Resources */,
				95531BE41AE35FBA00A617D6 /* Three_Bar.png in Resources */,
				1BDBF2DC1ABEAB5200A0C45D /* Main.storyboard in Resources */,
				1B2230AA1AE234260082CF32 /* s3-2006-03-01.json in Resources */,
				1BE7C0A11ADC953700E029F3 /* add_deal.png in Resources */,
				1B2230A31AE234260082CF32 /* elasticloadbalancing-2012-06-01.json in Resources */,
				1B2230A81AE234260082CF32 /* mobileanalytics-2014-06-30.json in Resources */,
				95531BDE1AE35CB100A617D6 /* Deals_Text_Logo.png in Resources */,
				95531BE21AE35F7300A617D6 /* Create_Deal.png in Resources */,
				1BDBF2E11ABEAB5200A0C45D /* LaunchScreen.xib in Resources */,
				1BBF409F1ADDBF1800B2082B /* icon-profile-default.png in Resources */,
				1BDBF2DE1ABEAB5200A0C45D /* Images.xcassets in Resources */,
				1B2230A21AE234260082CF32 /* ec2-2014-09-01.json in Resources */,
			);
			runOnlyForDeploymentPostprocessing = 0;
		};
		1BDBF2E41ABEAB5200A0C45D /* Resources */ = {
			isa = PBXResourcesBuildPhase;
			buildActionMask = 2147483647;
			files = (
			);
			runOnlyForDeploymentPostprocessing = 0;
		};
/* End PBXResourcesBuildPhase section */

/* Begin PBXSourcesBuildPhase section */
		1BDBF2CB1ABEAB5100A0C45D /* Sources */ = {
			isa = PBXSourcesBuildPhase;
			buildActionMask = 2147483647;
			files = (
				95A6EA001AE2284300F23DA6 /* User.swift in Sources */,
				1B2230541AE213A20082CF32 /* LoginViewController.swift in Sources */,
				1BDBF2D51ABEAB5200A0C45D /* AppDelegate.swift in Sources */,
				1BBF409B1ADDA01700B2082B /* DealDetailViewController.swift in Sources */,
				1B865A0F1AE038480054208C /* ProfileViewController.swift in Sources */,
				1B5788DB1AD1BE6000A6D0BA /* DealCreateViewController.swift in Sources */,
				1BBF409D1ADDBBC400B2082B /* DealCustomTableCell.swift in Sources */,
				1BBF40A41ADFBBC500B2082B /* DealData.xcdatamodeld in Sources */,
				1BE7C09F1ADC79AE00E029F3 /* MainViewController.swift in Sources */,
				1BE7C0A31ADCA20D00E029F3 /* Deal.swift in Sources */,
				1B21B7601AE1DAD9004931C6 /* DealConstants.swift in Sources */,
				1BE7C0A51ADD902E00E029F3 /* DealDataManager.swift in Sources */,
			);
			runOnlyForDeploymentPostprocessing = 0;
		};
		1BDBF2E21ABEAB5200A0C45D /* Sources */ = {
			isa = PBXSourcesBuildPhase;
			buildActionMask = 2147483647;
			files = (
				1BDBF2ED1ABEAB5200A0C45D /* DealTests.swift in Sources */,
			);
			runOnlyForDeploymentPostprocessing = 0;
		};
/* End PBXSourcesBuildPhase section */

/* Begin PBXTargetDependency section */
		1BDBF2E81ABEAB5200A0C45D /* PBXTargetDependency */ = {
			isa = PBXTargetDependency;
			target = 1BDBF2CE1ABEAB5100A0C45D /* Deal */;
			targetProxy = 1BDBF2E71ABEAB5200A0C45D /* PBXContainerItemProxy */;
		};
/* End PBXTargetDependency section */

/* Begin PBXVariantGroup section */
		1BDBF2DA1ABEAB5200A0C45D /* Main.storyboard */ = {
			isa = PBXVariantGroup;
			children = (
				1BDBF2DB1ABEAB5200A0C45D /* Base */,
			);
			name = Main.storyboard;
			sourceTree = "<group>";
		};
		1BDBF2DF1ABEAB5200A0C45D /* LaunchScreen.xib */ = {
			isa = PBXVariantGroup;
			children = (
				1BDBF2E01ABEAB5200A0C45D /* Base */,
			);
			name = LaunchScreen.xib;
			sourceTree = "<group>";
		};
/* End PBXVariantGroup section */

/* Begin XCBuildConfiguration section */
		1BDBF2EE1ABEAB5200A0C45D /* Debug */ = {
			isa = XCBuildConfiguration;
			buildSettings = {
				ALWAYS_SEARCH_USER_PATHS = NO;
				CLANG_CXX_LANGUAGE_STANDARD = "gnu++0x";
				CLANG_CXX_LIBRARY = "libc++";
				CLANG_ENABLE_MODULES = YES;
				CLANG_ENABLE_OBJC_ARC = YES;
				CLANG_WARN_BOOL_CONVERSION = YES;
				CLANG_WARN_CONSTANT_CONVERSION = YES;
				CLANG_WARN_DIRECT_OBJC_ISA_USAGE = YES_ERROR;
				CLANG_WARN_EMPTY_BODY = YES;
				CLANG_WARN_ENUM_CONVERSION = YES;
				CLANG_WARN_INT_CONVERSION = YES;
				CLANG_WARN_OBJC_ROOT_CLASS = YES_ERROR;
				CLANG_WARN_UNREACHABLE_CODE = YES;
				CLANG_WARN__DUPLICATE_METHOD_MATCH = YES;
				"CODE_SIGN_IDENTITY[sdk=iphoneos*]" = "iPhone Developer";
				COPY_PHASE_STRIP = NO;
				ENABLE_STRICT_OBJC_MSGSEND = YES;
				GCC_C_LANGUAGE_STANDARD = gnu99;
				GCC_DYNAMIC_NO_PIC = NO;
				GCC_OPTIMIZATION_LEVEL = 0;
				GCC_PREPROCESSOR_DEFINITIONS = (
					"DEBUG=1",
					"$(inherited)",
				);
				GCC_SYMBOLS_PRIVATE_EXTERN = NO;
				GCC_WARN_64_TO_32_BIT_CONVERSION = YES;
				GCC_WARN_ABOUT_RETURN_TYPE = YES_ERROR;
				GCC_WARN_UNDECLARED_SELECTOR = YES;
				GCC_WARN_UNINITIALIZED_AUTOS = YES_AGGRESSIVE;
				GCC_WARN_UNUSED_FUNCTION = YES;
				GCC_WARN_UNUSED_VARIABLE = YES;
				IPHONEOS_DEPLOYMENT_TARGET = 8.2;
				MTL_ENABLE_DEBUG_INFO = YES;
				ONLY_ACTIVE_ARCH = YES;
				SDKROOT = iphoneos;
				SWIFT_OPTIMIZATION_LEVEL = "-Onone";
				TARGETED_DEVICE_FAMILY = "1,2";
			};
			name = Debug;
		};
		1BDBF2EF1ABEAB5200A0C45D /* Release */ = {
			isa = XCBuildConfiguration;
			buildSettings = {
				ALWAYS_SEARCH_USER_PATHS = NO;
				CLANG_CXX_LANGUAGE_STANDARD = "gnu++0x";
				CLANG_CXX_LIBRARY = "libc++";
				CLANG_ENABLE_MODULES = YES;
				CLANG_ENABLE_OBJC_ARC = YES;
				CLANG_WARN_BOOL_CONVERSION = YES;
				CLANG_WARN_CONSTANT_CONVERSION = YES;
				CLANG_WARN_DIRECT_OBJC_ISA_USAGE = YES_ERROR;
				CLANG_WARN_EMPTY_BODY = YES;
				CLANG_WARN_ENUM_CONVERSION = YES;
				CLANG_WARN_INT_CONVERSION = YES;
				CLANG_WARN_OBJC_ROOT_CLASS = YES_ERROR;
				CLANG_WARN_UNREACHABLE_CODE = YES;
				CLANG_WARN__DUPLICATE_METHOD_MATCH = YES;
				"CODE_SIGN_IDENTITY[sdk=iphoneos*]" = "iPhone Developer";
				COPY_PHASE_STRIP = NO;
				ENABLE_NS_ASSERTIONS = NO;
				ENABLE_STRICT_OBJC_MSGSEND = YES;
				GCC_C_LANGUAGE_STANDARD = gnu99;
				GCC_WARN_64_TO_32_BIT_CONVERSION = YES;
				GCC_WARN_ABOUT_RETURN_TYPE = YES_ERROR;
				GCC_WARN_UNDECLARED_SELECTOR = YES;
				GCC_WARN_UNINITIALIZED_AUTOS = YES_AGGRESSIVE;
				GCC_WARN_UNUSED_FUNCTION = YES;
				GCC_WARN_UNUSED_VARIABLE = YES;
				IPHONEOS_DEPLOYMENT_TARGET = 8.2;
				MTL_ENABLE_DEBUG_INFO = NO;
				SDKROOT = iphoneos;
				TARGETED_DEVICE_FAMILY = "1,2";
				VALIDATE_PRODUCT = YES;
			};
			name = Release;
		};
		1BDBF2F11ABEAB5200A0C45D /* Debug */ = {
			isa = XCBuildConfiguration;
			buildSettings = {
				ASSETCATALOG_COMPILER_APPICON_NAME = AppIcon;
				FRAMEWORK_SEARCH_PATHS = (
					"$(inherited)",
					"/Users/dokwon/Downloads/aws-ios-sdk-2.1.1/frameworks",
					"/Users/dokwon/Downloads/aws-ios-sdk-2.1.1/frameworks/extras",
					"/Users/dokwon/Downloads/aws-ios-sdk-2.1.1/third-party",
					/Users/dokwon/Documents/FacebookSDK,
					"/Users/kisukjang/Downloads/aws-ios-sdk-2.1.1/frameworks",
					"/Users/kisukjang/Downloads/aws-ios-sdk-2.1.1/frameworks/extras",
					"/Users/kisukjang/Downloads/aws-ios-sdk-2.1.1/third-party",
					/Users/kisukjang/Documents/FacebookSDK,
					"$(PROJECT_DIR)/frameworks",
				);
				INFOPLIST_FILE = Deal/Info.plist;
				LD_RUNPATH_SEARCH_PATHS = "$(inherited) @executable_path/Frameworks";
				PRODUCT_NAME = "$(TARGET_NAME)";
				SWIFT_OBJC_BRIDGING_HEADER = ./Deal/AWSHeader.h;
			};
			name = Debug;
		};
		1BDBF2F21ABEAB5200A0C45D /* Release */ = {
			isa = XCBuildConfiguration;
			buildSettings = {
				ASSETCATALOG_COMPILER_APPICON_NAME = AppIcon;
				FRAMEWORK_SEARCH_PATHS = (
					"$(inherited)",
					"/Users/dokwon/Downloads/aws-ios-sdk-2.1.1/frameworks",
					"/Users/dokwon/Downloads/aws-ios-sdk-2.1.1/frameworks/extras",
					"/Users/dokwon/Downloads/aws-ios-sdk-2.1.1/third-party",
					/Users/dokwon/Documents/FacebookSDK,
					"/Users/kisukjang/Downloads/aws-ios-sdk-2.1.1/frameworks",
					"/Users/kisukjang/Downloads/aws-ios-sdk-2.1.1/frameworks/extras",
					"/Users/kisukjang/Downloads/aws-ios-sdk-2.1.1/third-party",
					/Users/kisukjang/Documents/FacebookSDK,
					"$(PROJECT_DIR)/frameworks",
				);
				INFOPLIST_FILE = Deal/Info.plist;
				LD_RUNPATH_SEARCH_PATHS = "$(inherited) @executable_path/Frameworks";
				PRODUCT_NAME = "$(TARGET_NAME)";
				SWIFT_OBJC_BRIDGING_HEADER = ./Deal/AWSHeader.h;
			};
			name = Release;
		};
		1BDBF2F41ABEAB5200A0C45D /* Debug */ = {
			isa = XCBuildConfiguration;
			buildSettings = {
				BUNDLE_LOADER = "$(TEST_HOST)";
				FRAMEWORK_SEARCH_PATHS = (
					"$(SDKROOT)/Developer/Library/Frameworks",
					"$(inherited)",
				);
				GCC_PREPROCESSOR_DEFINITIONS = (
					"DEBUG=1",
					"$(inherited)",
				);
				INFOPLIST_FILE = DealTests/Info.plist;
				LD_RUNPATH_SEARCH_PATHS = "$(inherited) @executable_path/Frameworks @loader_path/Frameworks";
				PRODUCT_NAME = "$(TARGET_NAME)";
				TEST_HOST = "$(BUILT_PRODUCTS_DIR)/Deal.app/Deal";
			};
			name = Debug;
		};
		1BDBF2F51ABEAB5200A0C45D /* Release */ = {
			isa = XCBuildConfiguration;
			buildSettings = {
				BUNDLE_LOADER = "$(TEST_HOST)";
				FRAMEWORK_SEARCH_PATHS = (
					"$(SDKROOT)/Developer/Library/Frameworks",
					"$(inherited)",
				);
				INFOPLIST_FILE = DealTests/Info.plist;
				LD_RUNPATH_SEARCH_PATHS = "$(inherited) @executable_path/Frameworks @loader_path/Frameworks";
				PRODUCT_NAME = "$(TARGET_NAME)";
				TEST_HOST = "$(BUILT_PRODUCTS_DIR)/Deal.app/Deal";
			};
			name = Release;
		};
/* End XCBuildConfiguration section */

/* Begin XCConfigurationList section */
		1BDBF2CA1ABEAB5100A0C45D /* Build configuration list for PBXProject "Deal" */ = {
			isa = XCConfigurationList;
			buildConfigurations = (
				1BDBF2EE1ABEAB5200A0C45D /* Debug */,
				1BDBF2EF1ABEAB5200A0C45D /* Release */,
			);
			defaultConfigurationIsVisible = 0;
			defaultConfigurationName = Release;
		};
		1BDBF2F01ABEAB5200A0C45D /* Build configuration list for PBXNativeTarget "Deal" */ = {
			isa = XCConfigurationList;
			buildConfigurations = (
				1BDBF2F11ABEAB5200A0C45D /* Debug */,
				1BDBF2F21ABEAB5200A0C45D /* Release */,
			);
			defaultConfigurationIsVisible = 0;
			defaultConfigurationName = Release;
		};
		1BDBF2F31ABEAB5200A0C45D /* Build configuration list for PBXNativeTarget "DealTests" */ = {
			isa = XCConfigurationList;
			buildConfigurations = (
				1BDBF2F41ABEAB5200A0C45D /* Debug */,
				1BDBF2F51ABEAB5200A0C45D /* Release */,
			);
			defaultConfigurationIsVisible = 0;
			defaultConfigurationName = Release;
		};
/* End XCConfigurationList section */

/* Begin XCVersionGroup section */
		1BBF40A21ADFBBC500B2082B /* DealData.xcdatamodeld */ = {
			isa = XCVersionGroup;
			children = (
				1BBF40A31ADFBBC500B2082B /* DealData.xcdatamodel */,
			);
			currentVersion = 1BBF40A31ADFBBC500B2082B /* DealData.xcdatamodel */;
			path = DealData.xcdatamodeld;
			sourceTree = "<group>";
			versionGroupType = wrapper.xcdatamodel;
		};
/* End XCVersionGroup section */
	};
	rootObject = 1BDBF2C71ABEAB5100A0C45D /* Project object */;
}
